<?xml version="1.0" encoding="utf-8"?>
<Project ToolsVersion="4.0" xmlns="http://schemas.microsoft.com/developer/msbuild/2003">
  <ItemGroup>
    <Filter Include="Source Files">
      <UniqueIdentifier>{4FC737F1-C7A5-4376-A066-2A32D752A2FF}</UniqueIdentifier>
      <Extensions>cpp;c;cc;cxx;def;odl;idl;hpj;bat;asm;asmx</Extensions>
    </Filter>
    <Filter Include="Header Files">
      <UniqueIdentifier>{93995380-89BD-4b04-88EB-625FBE52EBFB}</UniqueIdentifier>
      <Extensions>h;hpp;hxx;hm;inl;inc;xsd</Extensions>
    </Filter>
    <Filter Include="Resource Files">
      <UniqueIdentifier>{67DA6AB6-F800-4c08-8B7A-83BB121AAD01}</UniqueIdentifier>
      <Extensions>rc;ico;cur;bmp;dlg;rc2;rct;bin;rgs;gif;jpg;jpeg;jpe;resx;tiff;tif;png;wav;mfcribbon-ms</Extensions>
    </Filter>
    <Filter Include="Shaders">
      <UniqueIdentifier>{b43e38a1-353a-4c04-95c7-890e0d396eac}</UniqueIdentifier>
    </Filter>
  </ItemGroup>
  <ItemGroup>
    <ClInclude Include="Frogger\Entity.h">
      <Filter>Header Files</Filter>
    </ClInclude>
    <ClInclude Include="Frogger\Vector3.h">
      <Filter>Header Files</Filter>
    </ClInclude>
    <ClInclude Include="Frogger\Camera.h">
      <Filter>Header Files</Filter>
    </ClInclude>
    <ClInclude Include="Frogger\GameObject.h">
      <Filter>Header Files</Filter>
    </ClInclude>
    <ClInclude Include="Frogger\StaticObject.h">
      <Filter>Header Files</Filter>
    </ClInclude>
    <ClInclude Include="Frogger\River.h">
      <Filter>Header Files</Filter>
    </ClInclude>
    <ClInclude Include="Frogger\Bus.h">
      <Filter>Header Files</Filter>
    </ClInclude>
    <ClInclude Include="Frogger\Car.h">
      <Filter>Header Files</Filter>
    </ClInclude>
    <ClInclude Include="Frogger\DynamicObject.h">
      <Filter>Header Files</Filter>
    </ClInclude>
    <ClInclude Include="Frogger\Frog.h">
      <Filter>Header Files</Filter>
    </ClInclude>
    <ClInclude Include="Frogger\GameManager.h">
      <Filter>Header Files</Filter>
    </ClInclude>
    <ClInclude Include="Frogger\LightSource.h">
      <Filter>Header Files</Filter>
    </ClInclude>
    <ClInclude Include="Frogger\OrthogonalCamera.h">
      <Filter>Header Files</Filter>
    </ClInclude>
    <ClInclude Include="Frogger\PerpectiveCamera.h">
      <Filter>Header Files</Filter>
    </ClInclude>
    <ClInclude Include="Frogger\RiverSide.h">
      <Filter>Header Files</Filter>
    </ClInclude>
    <ClInclude Include="Frogger\Road.h">
      <Filter>Header Files</Filter>
    </ClInclude>
    <ClInclude Include="Frogger\RoadSide.h">
      <Filter>Header Files</Filter>
    </ClInclude>
    <ClInclude Include="Frogger\shaderDemo.h">
      <Filter>Header Files</Filter>
    </ClInclude>
    <ClInclude Include="Frogger\Timberlog.h">
      <Filter>Header Files</Filter>
    </ClInclude>
    <ClInclude Include="Frogger\Turtle.h">
      <Filter>Header Files</Filter>
    </ClInclude>
    <ClInclude Include="Frogger\Vector4.h">
      <Filter>Header Files</Filter>
    </ClInclude>
    <ClInclude Include="Frogger\vsMathLib.h">
      <Filter>Header Files</Filter>
    </ClInclude>
    <ClInclude Include="Frogger\vsShaderLib.h">
      <Filter>Header Files</Filter>
    </ClInclude>
  </ItemGroup>
  <ItemGroup>
    <ClCompile Include="Frogger\Entity.cpp">
      <Filter>Source Files</Filter>
    </ClCompile>
    <ClCompile Include="Frogger\Vector3.cpp">
      <Filter>Source Files</Filter>
    </ClCompile>
    <ClCompile Include="Frogger\Camera.cpp">
      <Filter>Source Files</Filter>
    </ClCompile>
    <ClCompile Include="Frogger\GameObject.cpp">
      <Filter>Source Files</Filter>
    </ClCompile>
    <ClCompile Include="Frogger\Bus.cpp">
      <Filter>Source Files</Filter>
    </ClCompile>
    <ClCompile Include="Frogger\Car.cpp">
      <Filter>Source Files</Filter>
    </ClCompile>
    <ClCompile Include="Frogger\DynamicObject.cpp">
      <Filter>Source Files</Filter>
    </ClCompile>
    <ClCompile Include="Frogger\Frog.cpp">
      <Filter>Source Files</Filter>
    </ClCompile>
    <ClCompile Include="Frogger\GameManager.cpp">
      <Filter>Source Files</Filter>
    </ClCompile>
    <ClCompile Include="Frogger\LightSource.cpp">
      <Filter>Source Files</Filter>
    </ClCompile>
    <ClCompile Include="Frogger\OrthogonalCamera.cpp">
      <Filter>Source Files</Filter>
    </ClCompile>
    <ClCompile Include="Frogger\PerpectiveCamera.cpp">
      <Filter>Source Files</Filter>
    </ClCompile>
    <ClCompile Include="Frogger\River.cpp">
      <Filter>Source Files</Filter>
    </ClCompile>
    <ClCompile Include="Frogger\RiverSide.cpp">
      <Filter>Source Files</Filter>
    </ClCompile>
    <ClCompile Include="Frogger\Road.cpp">
      <Filter>Source Files</Filter>
    </ClCompile>
    <ClCompile Include="Frogger\RoadSide.cpp">
      <Filter>Source Files</Filter>
    </ClCompile>
    <ClCompile Include="Frogger\Timberlog.cpp">
      <Filter>Source Files</Filter>
    </ClCompile>
    <ClCompile Include="Frogger\Turtle.cpp">
      <Filter>Source Files</Filter>
    </ClCompile>
    <ClCompile Include="Frogger\Vector4.cpp">
      <Filter>Source Files</Filter>
    </ClCompile>
    <ClCompile Include="Frogger\vsMathLib.cpp">
      <Filter>Source Files</Filter>
    </ClCompile>
    <ClCompile Include="Frogger\vsShaderLib.cpp">
      <Filter>Source Files</Filter>
    </ClCompile>
    <ClCompile Include="Frogger\StaticObject.cpp">
      <Filter>Source Files</Filter>
    </ClCompile>
    <ClCompile Include="Frogger\Main.cpp">
      <Filter>Source Files</Filter>
    </ClCompile>
  </ItemGroup>
  <ItemGroup>
    <None Include="Frogger\Shaders\helloWorld.frag">
      <Filter>Shaders</Filter>
    </None>
    <None Include="Frogger\Shaders\helloWorld.vert">
      <Filter>Shaders</Filter>
    </None>
  </ItemGroup>
</Project>