<?xml version="1.0" encoding="utf-8"?>
<Project ToolsVersion="4.0" xmlns="http://schemas.microsoft.com/developer/msbuild/2003">
  <ItemGroup>
    <Filter Include="Source Files">
      <UniqueIdentifier>{4FC737F1-C7A5-4376-A066-2A32D752A2FF}</UniqueIdentifier>
      <Extensions>cpp;c;cc;cxx;def;odl;idl;hpj;bat;asm;asmx</Extensions>
    </Filter>
    <Filter Include="Header Files">
      <UniqueIdentifier>{93995380-89BD-4b04-88EB-625FBE52EBFB}</UniqueIdentifier>
      <Extensions>h;hpp;hxx;hm;inl;inc;xsd</Extensions>
    </Filter>
    <Filter Include="Resource Files">
      <UniqueIdentifier>{67DA6AB6-F800-4c08-8B7A-83BB121AAD01}</UniqueIdentifier>
      <Extensions>rc;ico;cur;bmp;dlg;rc2;rct;bin;rgs;gif;jpg;jpeg;jpe;resx;tiff;tif;png;wav;mfcribbon-ms</Extensions>
    </Filter>
    <Filter Include="shaders">
      <UniqueIdentifier>{e899d301-590a-4c59-9200-abc51ab74d0c}</UniqueIdentifier>
    </Filter>
  </ItemGroup>
  <ItemGroup>
    <ClCompile Include="shaderDemo.cpp">
      <Filter>Source Files</Filter>
    </ClCompile>
    <ClCompile Include="vsMathLib.cpp">
      <Filter>Source Files</Filter>
    </ClCompile>
    <ClCompile Include="vsShaderLib.cpp">
      <Filter>Source Files</Filter>
    </ClCompile>
    <ClCompile Include="Bus.cpp">
      <Filter>Source Files</Filter>
    </ClCompile>
    <ClCompile Include="Camera.cpp">
      <Filter>Source Files</Filter>
    </ClCompile>
    <ClCompile Include="Car.cpp">
      <Filter>Source Files</Filter>
    </ClCompile>
    <ClCompile Include="DynamicObject.cpp">
      <Filter>Source Files</Filter>
    </ClCompile>
    <ClCompile Include="Entity.cpp">
      <Filter>Source Files</Filter>
    </ClCompile>
    <ClCompile Include="Frog.cpp">
      <Filter>Source Files</Filter>
    </ClCompile>
    <ClCompile Include="GameManager.cpp">
      <Filter>Source Files</Filter>
    </ClCompile>
    <ClCompile Include="GameObject.cpp">
      <Filter>Source Files</Filter>
    </ClCompile>
    <ClCompile Include="LightSource.cpp">
      <Filter>Source Files</Filter>
    </ClCompile>
    <ClCompile Include="OrthogonalCamera.cpp">
      <Filter>Source Files</Filter>
    </ClCompile>
    <ClCompile Include="PerpectiveCamera.cpp">
      <Filter>Source Files</Filter>
    </ClCompile>
    <ClCompile Include="River.cpp">
      <Filter>Source Files</Filter>
    </ClCompile>
    <ClCompile Include="RiverSide.cpp">
      <Filter>Source Files</Filter>
    </ClCompile>
    <ClCompile Include="Road.cpp">
      <Filter>Source Files</Filter>
    </ClCompile>
    <ClCompile Include="RoadSide.cpp">
      <Filter>Source Files</Filter>
    </ClCompile>
    <ClCompile Include="Timberlog.cpp">
      <Filter>Source Files</Filter>
    </ClCompile>
    <ClCompile Include="Turtle.cpp">
      <Filter>Source Files</Filter>
    </ClCompile>
    <ClCompile Include="Vector3.cpp">
      <Filter>Source Files</Filter>
    </ClCompile>
    <ClCompile Include="Vector4.cpp">
      <Filter>Source Files</Filter>
    </ClCompile>
    <ClCompile Include="StaticObject.cpp">
      <Filter>Source Files</Filter>
    </ClCompile>
  </ItemGroup>
  <ItemGroup>
    <ClInclude Include="shaderDemo.h">
      <Filter>Header Files</Filter>
    </ClInclude>
    <ClInclude Include="vsMathLib.h">
      <Filter>Header Files</Filter>
    </ClInclude>
    <ClInclude Include="vsShaderLib.h">
      <Filter>Header Files</Filter>
    </ClInclude>
    <ClInclude Include="Bus.h">
      <Filter>Header Files</Filter>
    </ClInclude>
    <ClInclude Include="Camera.h">
      <Filter>Header Files</Filter>
    </ClInclude>
    <ClInclude Include="Car.h">
      <Filter>Header Files</Filter>
    </ClInclude>
    <ClInclude Include="DynamicObject.h">
      <Filter>Header Files</Filter>
    </ClInclude>
    <ClInclude Include="Entity.h">
      <Filter>Header Files</Filter>
    </ClInclude>
    <ClInclude Include="Frog.h">
      <Filter>Header Files</Filter>
    </ClInclude>
    <ClInclude Include="GameManager.h">
      <Filter>Header Files</Filter>
    </ClInclude>
    <ClInclude Include="GameObject.h">
      <Filter>Header Files</Filter>
    </ClInclude>
    <ClInclude Include="LightSource.h">
      <Filter>Header Files</Filter>
    </ClInclude>
    <ClInclude Include="OrthogonalCamera.h">
      <Filter>Header Files</Filter>
    </ClInclude>
    <ClInclude Include="PerpectiveCamera.h">
      <Filter>Header Files</Filter>
    </ClInclude>
    <ClInclude Include="River.h">
      <Filter>Header Files</Filter>
    </ClInclude>
    <ClInclude Include="RiverSide.h">
      <Filter>Header Files</Filter>
    </ClInclude>
    <ClInclude Include="Road.h">
      <Filter>Header Files</Filter>
    </ClInclude>
    <ClInclude Include="RoadSide.h">
      <Filter>Header Files</Filter>
    </ClInclude>
    <ClInclude Include="StaticObject.h">
      <Filter>Header Files</Filter>
    </ClInclude>
    <ClInclude Include="Timberlog.h">
      <Filter>Header Files</Filter>
    </ClInclude>
    <ClInclude Include="Turtle.h">
      <Filter>Header Files</Filter>
    </ClInclude>
    <ClInclude Include="Vector3.h">
      <Filter>Header Files</Filter>
    </ClInclude>
    <ClInclude Include="Vector4.h">
      <Filter>Header Files</Filter>
    </ClInclude>
  </ItemGroup>
  <ItemGroup>
    <None Include="shaders\helloWorld.frag">
      <Filter>shaders</Filter>
    </None>
    <None Include="shaders\helloWorld.vert">
      <Filter>shaders</Filter>
    </None>
  </ItemGroup>
</Project>